
Microsoft Visual Studio Solution File, Format Version 12.00
# Visual Studio Version 16
VisualStudioVersion = 16.0.29911.84
MinimumVisualStudioVersion = 10.0.40219.1
Project("{FAE04EC0-301F-11D3-BF4B-00C04F79EFBC}") = "ConsoleApp4(Binary)", "ConsoleApp4(Binary)\ConsoleApp4(Binary).csproj", "{51A16702-0621-47D9-9BC6-C4EA53D688CC}"
EndProject
Global
	GlobalSection(SolutionConfigurationPlatforms) = preSolution
		Debug|Any CPU = Debug|Any CPU
		Release|Any CPU = Release|Any CPU
	EndGlobalSection
	GlobalSection(ProjectConfigurationPlatforms) = postSolution
		{51A16702-0621-47D9-9BC6-C4EA53D688CC}.Debug|Any CPU.ActiveCfg = Debug|Any CPU
		{51A16702-0621-47D9-9BC6-C4EA53D688CC}.Debug|Any CPU.Build.0 = Debug|Any CPU
		{51A16702-0621-47D9-9BC6-C4EA53D688CC}.Release|Any CPU.ActiveCfg = Release|Any CPU
		{51A16702-0621-47D9-9BC6-C4EA53D688CC}.Release|Any CPU.Build.0 = Release|Any CPU
	EndGlobalSection
	GlobalSection(SolutionProperties) = preSolution
		HideSolutionNode = FALSE
	EndGlobalSection
	GlobalSection(ExtensibilityGlobals) = postSolution
		SolutionGuid = {EB7AA15F-3878-4F4A-9DC9-D701FA837587}
	EndGlobalSection
EndGlobal
